
Microsoft Visual Studio Solution File, Format Version 12.00
# Visual Studio Version 16
VisualStudioVersion = 16.0.29409.12
MinimumVisualStudioVersion = 10.0.40219.1
Project("{9A19103F-16F7-4668-BE54-9A1E7A4F7556}") = "MVC3App", "MyAspCore3App\MVC3App.csproj", "{A8D619F5-107D-4A8B-B6D0-A5E39891088D}"
EndProject
Global
	GlobalSection(SolutionConfigurationPlatforms) = preSolution
		Debug|Any CPU = Debug|Any CPU
		Release|Any CPU = Release|Any CPU
	EndGlobalSection
	GlobalSection(ProjectConfigurationPlatforms) = postSolution
		{A8D619F5-107D-4A8B-B6D0-A5E39891088D}.Debug|Any CPU.ActiveCfg = Debug|Any CPU
		{A8D619F5-107D-4A8B-B6D0-A5E39891088D}.Debug|Any CPU.Build.0 = Debug|Any CPU
		{A8D619F5-107D-4A8B-B6D0-A5E39891088D}.Release|Any CPU.ActiveCfg = Release|Any CPU
		{A8D619F5-107D-4A8B-B6D0-A5E39891088D}.Release|Any CPU.Build.0 = Release|Any CPU
	EndGlobalSection
	GlobalSection(SolutionProperties) = preSolution
		HideSolutionNode = FALSE
	EndGlobalSection
	GlobalSection(ExtensibilityGlobals) = postSolution
		SolutionGuid = {C2168DF9-A3F9-4C2B-917B-324F59D791C2}
	EndGlobalSection
EndGlobal
